
Microsoft Visual Studio Solution File, Format Version 12.00
# Visual Studio Version 17
VisualStudioVersion = 17.5.002.0
MinimumVisualStudioVersion = 10.0.40219.1
Project("{2150E333-8FDC-42A3-9474-1A3956D46DE8}") = "csharp-prep", "csharp-prep", "{F14F7689-3E02-4BC6-8E6A-0459551DCB3D}"
EndProject
Project("{9A19103F-16F7-4668-BE54-9A1E7A4F7556}") = "Prep1", "csharp-prep\Prep1\Prep1.csproj", "{4C518890-4D9F-4AAA-8511-90D66375978A}"
EndProject
Project("{9A19103F-16F7-4668-BE54-9A1E7A4F7556}") = "Prep2", "csharp-prep\Prep2\Prep2.csproj", "{5B9DFC53-042E-4835-A35B-6637C4A5A92B}"
EndProject
Project("{9A19103F-16F7-4668-BE54-9A1E7A4F7556}") = "Prep3", "csharp-prep\Prep3\Prep3.csproj", "{A44ABFDE-9E6F-4C79-B997-8ECE7E97043C}"
EndProject
Project("{9A19103F-16F7-4668-BE54-9A1E7A4F7556}") = "Prep4", "csharp-prep\Prep4\Prep4.csproj", "{CB21E0BC-8C95-456B-8C57-5F74FD6DA56F}"
EndProject
Project("{9A19103F-16F7-4668-BE54-9A1E7A4F7556}") = "Prep5", "csharp-prep\Prep5\Prep5.csproj", "{2DC8060A-B5EC-45B0-A26D-62357A13CC52}"
EndProject
Project("{2150E333-8FDC-42A3-9474-1A3956D46DE8}") = "final", "final", "{2BF0F6EC-15AB-436F-8D96-A988466B68BC}"
EndProject
Project("{9A19103F-16F7-4668-BE54-9A1E7A4F7556}") = "FinalProject", "final\FinalProject\FinalProject.csproj", "{594D746A-2EF4-4FA1-B413-95C7D8AFAA40}"
EndProject
Project("{9A19103F-16F7-4668-BE54-9A1E7A4F7556}") = "Foundation1", "final\Foundation1\Foundation1.csproj", "{38DD4D25-948B-487E-8FDA-6488C584EF8A}"
EndProject
Project("{9A19103F-16F7-4668-BE54-9A1E7A4F7556}") = "Foundation2", "final\Foundation2\Foundation2.csproj", "{37C895E0-5A85-4782-9882-C795B2D0E0EC}"
EndProject
Project("{9A19103F-16F7-4668-BE54-9A1E7A4F7556}") = "Foundation3", "final\Foundation3\Foundation3.csproj", "{6FCD3117-7053-4331-BE5B-757536E10BA1}"
EndProject
Project("{9A19103F-16F7-4668-BE54-9A1E7A4F7556}") = "Foundation4", "final\Foundation4\Foundation4.csproj", "{398AC3FF-5E9A-47AD-BD14-F6ED0D856EBD}"
EndProject
Project("{2150E333-8FDC-42A3-9474-1A3956D46DE8}") = "prepare", "prepare", "{51FC3845-5618-4CDC-AF31-B2172C0D9265}"
EndProject
Project("{9A19103F-16F7-4668-BE54-9A1E7A4F7556}") = "Learning02", "prepare\Learning02\Learning02.csproj", "{5967B49E-324A-4A1A-B68E-F55A3696E363}"
EndProject
Project("{9A19103F-16F7-4668-BE54-9A1E7A4F7556}") = "Learning03", "prepare\Learning03\Learning03.csproj", "{15A6187B-AD4B-4D07-9C46-67AF4630D767}"
EndProject
Project("{9A19103F-16F7-4668-BE54-9A1E7A4F7556}") = "Learning04", "prepare\Learning04\Learning04.csproj", "{7107A655-E2C2-47B5-8550-74A02146E28A}"
EndProject
Project("{9A19103F-16F7-4668-BE54-9A1E7A4F7556}") = "Learning05", "prepare\Learning05\Learning05.csproj", "{C530FC38-B3E7-4C95-8182-4EE6361FA72E}"
EndProject
Project("{2150E333-8FDC-42A3-9474-1A3956D46DE8}") = "prove", "prove", "{40085B29-F744-4894-8605-657A19874171}"
EndProject
Project("{9A19103F-16F7-4668-BE54-9A1E7A4F7556}") = "Develop02", "prove\Develop02\Develop02.csproj", "{5EC8BD47-B8F1-417E-9D97-4872D9C153BC}"
EndProject
Project("{9A19103F-16F7-4668-BE54-9A1E7A4F7556}") = "Develop03", "prove\Develop03\Develop03.csproj", "{70AF8249-1559-4272-A22A-15508C27AF73}"
EndProject
Project("{9A19103F-16F7-4668-BE54-9A1E7A4F7556}") = "Develop04", "prove\Develop04\Develop04.csproj", "{89AD457D-559F-41E8-A6FE-227E0176C391}"
EndProject
Project("{9A19103F-16F7-4668-BE54-9A1E7A4F7556}") = "Develop05", "prove\Develop05\Develop05.csproj", "{089FA283-8879-433E-A5A6-50D8379E2F76}"
EndProject
Project("{2150E333-8FDC-42A3-9474-1A3956D46DE8}") = "sandbox", "sandbox", "{700D4B3F-989C-4FC1-B9C8-925AF0EE9240}"
EndProject
Project("{9A19103F-16F7-4668-BE54-9A1E7A4F7556}") = "Sandbox", "sandbox\Sandbox\Sandbox.csproj", "{CD9B0940-D5D2-4500-9994-0B5065C1D866}"
EndProject
Global
	GlobalSection(SolutionConfigurationPlatforms) = preSolution
		Debug|Any CPU = Debug|Any CPU
		Release|Any CPU = Release|Any CPU
	EndGlobalSection
	GlobalSection(ProjectConfigurationPlatforms) = postSolution
		{4C518890-4D9F-4AAA-8511-90D66375978A}.Debug|Any CPU.ActiveCfg = Debug|Any CPU
		{4C518890-4D9F-4AAA-8511-90D66375978A}.Debug|Any CPU.Build.0 = Debug|Any CPU
		{4C518890-4D9F-4AAA-8511-90D66375978A}.Release|Any CPU.ActiveCfg = Release|Any CPU
		{4C518890-4D9F-4AAA-8511-90D66375978A}.Release|Any CPU.Build.0 = Release|Any CPU
		{5B9DFC53-042E-4835-A35B-6637C4A5A92B}.Debug|Any CPU.ActiveCfg = Debug|Any CPU
		{5B9DFC53-042E-4835-A35B-6637C4A5A92B}.Debug|Any CPU.Build.0 = Debug|Any CPU
		{5B9DFC53-042E-4835-A35B-6637C4A5A92B}.Release|Any CPU.ActiveCfg = Release|Any CPU
		{5B9DFC53-042E-4835-A35B-6637C4A5A92B}.Release|Any CPU.Build.0 = Release|Any CPU
		{A44ABFDE-9E6F-4C79-B997-8ECE7E97043C}.Debug|Any CPU.ActiveCfg = Debug|Any CPU
		{A44ABFDE-9E6F-4C79-B997-8ECE7E97043C}.Debug|Any CPU.Build.0 = Debug|Any CPU
		{A44ABFDE-9E6F-4C79-B997-8ECE7E97043C}.Release|Any CPU.ActiveCfg = Release|Any CPU
		{A44ABFDE-9E6F-4C79-B997-8ECE7E97043C}.Release|Any CPU.Build.0 = Release|Any CPU
		{CB21E0BC-8C95-456B-8C57-5F74FD6DA56F}.Debug|Any CPU.ActiveCfg = Debug|Any CPU
		{CB21E0BC-8C95-456B-8C57-5F74FD6DA56F}.Debug|Any CPU.Build.0 = Debug|Any CPU
		{CB21E0BC-8C95-456B-8C57-5F74FD6DA56F}.Release|Any CPU.ActiveCfg = Release|Any CPU
		{CB21E0BC-8C95-456B-8C57-5F74FD6DA56F}.Release|Any CPU.Build.0 = Release|Any CPU
		{2DC8060A-B5EC-45B0-A26D-62357A13CC52}.Debug|Any CPU.ActiveCfg = Debug|Any CPU
		{2DC8060A-B5EC-45B0-A26D-62357A13CC52}.Debug|Any CPU.Build.0 = Debug|Any CPU
		{2DC8060A-B5EC-45B0-A26D-62357A13CC52}.Release|Any CPU.ActiveCfg = Release|Any CPU
		{2DC8060A-B5EC-45B0-A26D-62357A13CC52}.Release|Any CPU.Build.0 = Release|Any CPU
		{594D746A-2EF4-4FA1-B413-95C7D8AFAA40}.Debug|Any CPU.ActiveCfg = Debug|Any CPU
		{594D746A-2EF4-4FA1-B413-95C7D8AFAA40}.Debug|Any CPU.Build.0 = Debug|Any CPU
		{594D746A-2EF4-4FA1-B413-95C7D8AFAA40}.Release|Any CPU.ActiveCfg = Release|Any CPU
		{594D746A-2EF4-4FA1-B413-95C7D8AFAA40}.Release|Any CPU.Build.0 = Release|Any CPU
		{38DD4D25-948B-487E-8FDA-6488C584EF8A}.Debug|Any CPU.ActiveCfg = Debug|Any CPU
		{38DD4D25-948B-487E-8FDA-6488C584EF8A}.Debug|Any CPU.Build.0 = Debug|Any CPU
		{38DD4D25-948B-487E-8FDA-6488C584EF8A}.Release|Any CPU.ActiveCfg = Release|Any CPU
		{38DD4D25-948B-487E-8FDA-6488C584EF8A}.Release|Any CPU.Build.0 = Release|Any CPU
		{37C895E0-5A85-4782-9882-C795B2D0E0EC}.Debug|Any CPU.ActiveCfg = Debug|Any CPU
		{37C895E0-5A85-4782-9882-C795B2D0E0EC}.Debug|Any CPU.Build.0 = Debug|Any CPU
		{37C895E0-5A85-4782-9882-C795B2D0E0EC}.Release|Any CPU.ActiveCfg = Release|Any CPU
		{37C895E0-5A85-4782-9882-C795B2D0E0EC}.Release|Any CPU.Build.0 = Release|Any CPU
		{6FCD3117-7053-4331-BE5B-757536E10BA1}.Debug|Any CPU.ActiveCfg = Debug|Any CPU
		{6FCD3117-7053-4331-BE5B-757536E10BA1}.Debug|Any CPU.Build.0 = Debug|Any CPU
		{6FCD3117-7053-4331-BE5B-757536E10BA1}.Release|Any CPU.ActiveCfg = Release|Any CPU
		{6FCD3117-7053-4331-BE5B-757536E10BA1}.Release|Any CPU.Build.0 = Release|Any CPU
		{398AC3FF-5E9A-47AD-BD14-F6ED0D856EBD}.Debug|Any CPU.ActiveCfg = Debug|Any CPU
		{398AC3FF-5E9A-47AD-BD14-F6ED0D856EBD}.Debug|Any CPU.Build.0 = Debug|Any CPU
		{398AC3FF-5E9A-47AD-BD14-F6ED0D856EBD}.Release|Any CPU.ActiveCfg = Release|Any CPU
		{398AC3FF-5E9A-47AD-BD14-F6ED0D856EBD}.Release|Any CPU.Build.0 = Release|Any CPU
		{5967B49E-324A-4A1A-B68E-F55A3696E363}.Debug|Any CPU.ActiveCfg = Debug|Any CPU
		{5967B49E-324A-4A1A-B68E-F55A3696E363}.Debug|Any CPU.Build.0 = Debug|Any CPU
		{5967B49E-324A-4A1A-B68E-F55A3696E363}.Release|Any CPU.ActiveCfg = Release|Any CPU
		{5967B49E-324A-4A1A-B68E-F55A3696E363}.Release|Any CPU.Build.0 = Release|Any CPU
		{15A6187B-AD4B-4D07-9C46-67AF4630D767}.Debug|Any CPU.ActiveCfg = Debug|Any CPU
		{15A6187B-AD4B-4D07-9C46-67AF4630D767}.Debug|Any CPU.Build.0 = Debug|Any CPU
		{15A6187B-AD4B-4D07-9C46-67AF4630D767}.Release|Any CPU.ActiveCfg = Release|Any CPU
		{15A6187B-AD4B-4D07-9C46-67AF4630D767}.Release|Any CPU.Build.0 = Release|Any CPU
		{7107A655-E2C2-47B5-8550-74A02146E28A}.Debug|Any CPU.ActiveCfg = Debug|Any CPU
		{7107A655-E2C2-47B5-8550-74A02146E28A}.Debug|Any CPU.Build.0 = Debug|Any CPU
		{7107A655-E2C2-47B5-8550-74A02146E28A}.Release|Any CPU.ActiveCfg = Release|Any CPU
		{7107A655-E2C2-47B5-8550-74A02146E28A}.Release|Any CPU.Build.0 = Release|Any CPU
		{C530FC38-B3E7-4C95-8182-4EE6361FA72E}.Debug|Any CPU.ActiveCfg = Debug|Any CPU
		{C530FC38-B3E7-4C95-8182-4EE6361FA72E}.Debug|Any CPU.Build.0 = Debug|Any CPU
		{C530FC38-B3E7-4C95-8182-4EE6361FA72E}.Release|Any CPU.ActiveCfg = Release|Any CPU
		{C530FC38-B3E7-4C95-8182-4EE6361FA72E}.Release|Any CPU.Build.0 = Release|Any CPU
		{5EC8BD47-B8F1-417E-9D97-4872D9C153BC}.Debug|Any CPU.ActiveCfg = Debug|Any CPU
		{5EC8BD47-B8F1-417E-9D97-4872D9C153BC}.Debug|Any CPU.Build.0 = Debug|Any CPU
		{5EC8BD47-B8F1-417E-9D97-4872D9C153BC}.Release|Any CPU.ActiveCfg = Release|Any CPU
		{5EC8BD47-B8F1-417E-9D97-4872D9C153BC}.Release|Any CPU.Build.0 = Release|Any CPU
		{70AF8249-1559-4272-A22A-15508C27AF73}.Debug|Any CPU.ActiveCfg = Debug|Any CPU
		{70AF8249-1559-4272-A22A-15508C27AF73}.Debug|Any CPU.Build.0 = Debug|Any CPU
		{70AF8249-1559-4272-A22A-15508C27AF73}.Release|Any CPU.ActiveCfg = Release|Any CPU
		{70AF8249-1559-4272-A22A-15508C27AF73}.Release|Any CPU.Build.0 = Release|Any CPU
		{89AD457D-559F-41E8-A6FE-227E0176C391}.Debug|Any CPU.ActiveCfg = Debug|Any CPU
		{89AD457D-559F-41E8-A6FE-227E0176C391}.Debug|Any CPU.Build.0 = Debug|Any CPU
		{89AD457D-559F-41E8-A6FE-227E0176C391}.Release|Any CPU.ActiveCfg = Release|Any CPU
		{89AD457D-559F-41E8-A6FE-227E0176C391}.Release|Any CPU.Build.0 = Release|Any CPU
		{089FA283-8879-433E-A5A6-50D8379E2F76}.Debug|Any CPU.ActiveCfg = Debug|Any CPU
		{089FA283-8879-433E-A5A6-50D8379E2F76}.Debug|Any CPU.Build.0 = Debug|Any CPU
		{089FA283-8879-433E-A5A6-50D8379E2F76}.Release|Any CPU.ActiveCfg = Release|Any CPU
		{089FA283-8879-433E-A5A6-50D8379E2F76}.Release|Any CPU.Build.0 = Release|Any CPU
		{CD9B0940-D5D2-4500-9994-0B5065C1D866}.Debug|Any CPU.ActiveCfg = Debug|Any CPU
		{CD9B0940-D5D2-4500-9994-0B5065C1D866}.Debug|Any CPU.Build.0 = Debug|Any CPU
		{CD9B0940-D5D2-4500-9994-0B5065C1D866}.Release|Any CPU.ActiveCfg = Release|Any CPU
		{CD9B0940-D5D2-4500-9994-0B5065C1D866}.Release|Any CPU.Build.0 = Release|Any CPU
	EndGlobalSection
	GlobalSection(SolutionProperties) = preSolution
		HideSolutionNode = FALSE
	EndGlobalSection
	GlobalSection(NestedProjects) = preSolution
		{4C518890-4D9F-4AAA-8511-90D66375978A} = {F14F7689-3E02-4BC6-8E6A-0459551DCB3D}
		{5B9DFC53-042E-4835-A35B-6637C4A5A92B} = {F14F7689-3E02-4BC6-8E6A-0459551DCB3D}
		{A44ABFDE-9E6F-4C79-B997-8ECE7E97043C} = {F14F7689-3E02-4BC6-8E6A-0459551DCB3D}
		{CB21E0BC-8C95-456B-8C57-5F74FD6DA56F} = {F14F7689-3E02-4BC6-8E6A-0459551DCB3D}
		{2DC8060A-B5EC-45B0-A26D-62357A13CC52} = {F14F7689-3E02-4BC6-8E6A-0459551DCB3D}
		{594D746A-2EF4-4FA1-B413-95C7D8AFAA40} = {2BF0F6EC-15AB-436F-8D96-A988466B68BC}
		{38DD4D25-948B-487E-8FDA-6488C584EF8A} = {2BF0F6EC-15AB-436F-8D96-A988466B68BC}
		{37C895E0-5A85-4782-9882-C795B2D0E0EC} = {2BF0F6EC-15AB-436F-8D96-A988466B68BC}
		{6FCD3117-7053-4331-BE5B-757536E10BA1} = {2BF0F6EC-15AB-436F-8D96-A988466B68BC}
		{398AC3FF-5E9A-47AD-BD14-F6ED0D856EBD} = {2BF0F6EC-15AB-436F-8D96-A988466B68BC}
		{5967B49E-324A-4A1A-B68E-F55A3696E363} = {51FC3845-5618-4CDC-AF31-B2172C0D9265}
		{15A6187B-AD4B-4D07-9C46-67AF4630D767} = {51FC3845-5618-4CDC-AF31-B2172C0D9265}
		{7107A655-E2C2-47B5-8550-74A02146E28A} = {51FC3845-5618-4CDC-AF31-B2172C0D9265}
		{C530FC38-B3E7-4C95-8182-4EE6361FA72E} = {51FC3845-5618-4CDC-AF31-B2172C0D9265}
		{5EC8BD47-B8F1-417E-9D97-4872D9C153BC} = {40085B29-F744-4894-8605-657A19874171}
		{70AF8249-1559-4272-A22A-15508C27AF73} = {40085B29-F744-4894-8605-657A19874171}
		{89AD457D-559F-41E8-A6FE-227E0176C391} = {40085B29-F744-4894-8605-657A19874171}
		{089FA283-8879-433E-A5A6-50D8379E2F76} = {40085B29-F744-4894-8605-657A19874171}
		{CD9B0940-D5D2-4500-9994-0B5065C1D866} = {700D4B3F-989C-4FC1-B9C8-925AF0EE9240}
	EndGlobalSection
	GlobalSection(ExtensibilityGlobals) = postSolution
		SolutionGuid = {EEF27EAC-756C-40BB-89EC-39588A03B609}
	EndGlobalSection
EndGlobal
